
Microsoft Visual Studio Solution File, Format Version 12.00
# Visual Studio Version 17
VisualStudioVersion = 17.0.31903.59
MinimumVisualStudioVersion = 10.0.40219.1
Project("{FAE04EC0-301F-11D3-BF4B-00C04F79EFBC}") = "TradeHorizon.API", "TradeHorizon.API\TradeHorizon.API.csproj", "{4104B1C0-9768-44D6-8A2D-76D144C57651}"
EndProject
Project("{FAE04EC0-301F-11D3-BF4B-00C04F79EFBC}") = "TradeHorizon.Domain", "TradeHorizon.Domain\TradeHorizon.Domain.csproj", "{0958E0EC-462E-4280-803A-6B0D9829FD79}"
EndProject
Project("{FAE04EC0-301F-11D3-BF4B-00C04F79EFBC}") = "TradeHorizon.Business", "TradeHorizon.Business\TradeHorizon.Business.csproj", "{5128C355-9543-4483-9173-53D25B5B67DA}"
EndProject
Project("{FAE04EC0-301F-11D3-BF4B-00C04F79EFBC}") = "TradeHorizon.DataAccess", "TradeHorizon.DataAccess\TradeHorizon.DataAccess.csproj", "{708A87AE-7864-4F3F-B115-8A0FCD0BC44B}"
EndProject
Global
	GlobalSection(SolutionConfigurationPlatforms) = preSolution
		Debug|Any CPU = Debug|Any CPU
		Release|Any CPU = Release|Any CPU
	EndGlobalSection
	GlobalSection(SolutionProperties) = preSolution
		HideSolutionNode = FALSE
	EndGlobalSection
	GlobalSection(ProjectConfigurationPlatforms) = postSolution
		{4104B1C0-9768-44D6-8A2D-76D144C57651}.Debug|Any CPU.ActiveCfg = Debug|Any CPU
		{4104B1C0-9768-44D6-8A2D-76D144C57651}.Debug|Any CPU.Build.0 = Debug|Any CPU
		{4104B1C0-9768-44D6-8A2D-76D144C57651}.Release|Any CPU.ActiveCfg = Release|Any CPU
		{4104B1C0-9768-44D6-8A2D-76D144C57651}.Release|Any CPU.Build.0 = Release|Any CPU
		{0958E0EC-462E-4280-803A-6B0D9829FD79}.Debug|Any CPU.ActiveCfg = Debug|Any CPU
		{0958E0EC-462E-4280-803A-6B0D9829FD79}.Debug|Any CPU.Build.0 = Debug|Any CPU
		{0958E0EC-462E-4280-803A-6B0D9829FD79}.Release|Any CPU.ActiveCfg = Release|Any CPU
		{0958E0EC-462E-4280-803A-6B0D9829FD79}.Release|Any CPU.Build.0 = Release|Any CPU
		{5128C355-9543-4483-9173-53D25B5B67DA}.Debug|Any CPU.ActiveCfg = Debug|Any CPU
		{5128C355-9543-4483-9173-53D25B5B67DA}.Debug|Any CPU.Build.0 = Debug|Any CPU
		{5128C355-9543-4483-9173-53D25B5B67DA}.Release|Any CPU.ActiveCfg = Release|Any CPU
		{5128C355-9543-4483-9173-53D25B5B67DA}.Release|Any CPU.Build.0 = Release|Any CPU
		{708A87AE-7864-4F3F-B115-8A0FCD0BC44B}.Debug|Any CPU.ActiveCfg = Debug|Any CPU
		{708A87AE-7864-4F3F-B115-8A0FCD0BC44B}.Debug|Any CPU.Build.0 = Debug|Any CPU
		{708A87AE-7864-4F3F-B115-8A0FCD0BC44B}.Release|Any CPU.ActiveCfg = Release|Any CPU
		{708A87AE-7864-4F3F-B115-8A0FCD0BC44B}.Release|Any CPU.Build.0 = Release|Any CPU
	EndGlobalSection
EndGlobal
